{
  "requires": true,
  "lockfileVersion": 1,
  "dependencies": {
    "m3u8-parser": {
      "version": "4.2.0",
      "resolved": "http://registry.npm.taobao.org/m3u8-parser/download/m3u8-parser-4.2.0.tgz",
      "integrity": "sha1-yOB4X9F/dB9ECLSUZoiSdKnjZEc="
    },
    "mux.js": {
      "version": "4.4.1",
      "resolved": "http://registry.npm.taobao.org/mux.js/download/mux.js-4.4.1.tgz",
      "integrity": "sha1-ycml5+n2nx1WcPLMccTO+kWqeuw="
    }
  }
}
